
Microsoft Visual Studio Solution File, Format Version 12.00
# Visual Studio Version 16
VisualStudioVersion = 16.0.29709.97
MinimumVisualStudioVersion = 10.0.40219.1
Project("{FAE04EC0-301F-11D3-BF4B-00C04F79EFBC}") = "LaborExchange2.0", "LaborExchange2.0\LaborExchange2.0.csproj", "{259B8E61-2273-4819-8124-4887DE5B4490}"
EndProject
Project("{FAE04EC0-301F-11D3-BF4B-00C04F79EFBC}") = "DBLibrary", "DBLibrary\DBLibrary.csproj", "{C9A313BC-F793-400F-9F49-E715745F3CA3}"
EndProject
Project("{FAE04EC0-301F-11D3-BF4B-00C04F79EFBC}") = "LEControls", "LEControls\LEControls.csproj", "{C24D82F6-B696-4927-849B-14E7D4F9D5E6}"
EndProject
Project("{FAE04EC0-301F-11D3-BF4B-00C04F79EFBC}") = "ModelsLibrary", "ModelsLibrary\ModelsLibrary.csproj", "{EB17B7ED-637C-4ECA-B92F-84D0EB630C0F}"
EndProject
Project("{FAE04EC0-301F-11D3-BF4B-00C04F79EFBC}") = "Services", "Services\Services.csproj", "{80F86971-8D37-4D3C-89BA-E3B1D689414C}"
EndProject
Project("{FAE04EC0-301F-11D3-BF4B-00C04F79EFBC}") = "BLINterfaces", "BLINterfaces\BLINterfaces.csproj", "{6CF30933-2EE3-4C1A-9883-3F19AE5F1C4D}"
EndProject
Project("{FAE04EC0-301F-11D3-BF4B-00C04F79EFBC}") = "Controls", "Controls\Controls.csproj", "{8BDED096-3FAF-4C17-BDA6-ABB4FE55D0F5}"
EndProject
Project("{FAE04EC0-301F-11D3-BF4B-00C04F79EFBC}") = "TestLibrary", "TestLibrary\TestLibrary.csproj", "{15094DED-556F-4D0D-A0B3-AB4E62D882ED}"
EndProject
Project("{FAE04EC0-301F-11D3-BF4B-00C04F79EFBC}") = "RealServices", "RealServices\RealServices.csproj", "{344CADBC-9CF6-4BD7-9D19-8380FF590EE7}"
EndProject
Global
	GlobalSection(SolutionConfigurationPlatforms) = preSolution
		Debug|Any CPU = Debug|Any CPU
		Release|Any CPU = Release|Any CPU
	EndGlobalSection
	GlobalSection(ProjectConfigurationPlatforms) = postSolution
		{259B8E61-2273-4819-8124-4887DE5B4490}.Debug|Any CPU.ActiveCfg = Debug|Any CPU
		{259B8E61-2273-4819-8124-4887DE5B4490}.Debug|Any CPU.Build.0 = Debug|Any CPU
		{259B8E61-2273-4819-8124-4887DE5B4490}.Release|Any CPU.ActiveCfg = Release|Any CPU
		{259B8E61-2273-4819-8124-4887DE5B4490}.Release|Any CPU.Build.0 = Release|Any CPU
		{C9A313BC-F793-400F-9F49-E715745F3CA3}.Debug|Any CPU.ActiveCfg = Debug|Any CPU
		{C9A313BC-F793-400F-9F49-E715745F3CA3}.Debug|Any CPU.Build.0 = Debug|Any CPU
		{C9A313BC-F793-400F-9F49-E715745F3CA3}.Release|Any CPU.ActiveCfg = Release|Any CPU
		{C9A313BC-F793-400F-9F49-E715745F3CA3}.Release|Any CPU.Build.0 = Release|Any CPU
		{C24D82F6-B696-4927-849B-14E7D4F9D5E6}.Debug|Any CPU.ActiveCfg = Debug|Any CPU
		{C24D82F6-B696-4927-849B-14E7D4F9D5E6}.Debug|Any CPU.Build.0 = Debug|Any CPU
		{C24D82F6-B696-4927-849B-14E7D4F9D5E6}.Release|Any CPU.ActiveCfg = Release|Any CPU
		{C24D82F6-B696-4927-849B-14E7D4F9D5E6}.Release|Any CPU.Build.0 = Release|Any CPU
		{EB17B7ED-637C-4ECA-B92F-84D0EB630C0F}.Debug|Any CPU.ActiveCfg = Debug|Any CPU
		{EB17B7ED-637C-4ECA-B92F-84D0EB630C0F}.Debug|Any CPU.Build.0 = Debug|Any CPU
		{EB17B7ED-637C-4ECA-B92F-84D0EB630C0F}.Release|Any CPU.ActiveCfg = Release|Any CPU
		{EB17B7ED-637C-4ECA-B92F-84D0EB630C0F}.Release|Any CPU.Build.0 = Release|Any CPU
		{80F86971-8D37-4D3C-89BA-E3B1D689414C}.Debug|Any CPU.ActiveCfg = Debug|Any CPU
		{80F86971-8D37-4D3C-89BA-E3B1D689414C}.Debug|Any CPU.Build.0 = Debug|Any CPU
		{80F86971-8D37-4D3C-89BA-E3B1D689414C}.Release|Any CPU.ActiveCfg = Release|Any CPU
		{80F86971-8D37-4D3C-89BA-E3B1D689414C}.Release|Any CPU.Build.0 = Release|Any CPU
		{6CF30933-2EE3-4C1A-9883-3F19AE5F1C4D}.Debug|Any CPU.ActiveCfg = Debug|Any CPU
		{6CF30933-2EE3-4C1A-9883-3F19AE5F1C4D}.Debug|Any CPU.Build.0 = Debug|Any CPU
		{6CF30933-2EE3-4C1A-9883-3F19AE5F1C4D}.Release|Any CPU.ActiveCfg = Release|Any CPU
		{6CF30933-2EE3-4C1A-9883-3F19AE5F1C4D}.Release|Any CPU.Build.0 = Release|Any CPU
		{8BDED096-3FAF-4C17-BDA6-ABB4FE55D0F5}.Debug|Any CPU.ActiveCfg = Debug|Any CPU
		{8BDED096-3FAF-4C17-BDA6-ABB4FE55D0F5}.Debug|Any CPU.Build.0 = Debug|Any CPU
		{8BDED096-3FAF-4C17-BDA6-ABB4FE55D0F5}.Release|Any CPU.ActiveCfg = Release|Any CPU
		{8BDED096-3FAF-4C17-BDA6-ABB4FE55D0F5}.Release|Any CPU.Build.0 = Release|Any CPU
		{15094DED-556F-4D0D-A0B3-AB4E62D882ED}.Debug|Any CPU.ActiveCfg = Debug|Any CPU
		{15094DED-556F-4D0D-A0B3-AB4E62D882ED}.Debug|Any CPU.Build.0 = Debug|Any CPU
		{15094DED-556F-4D0D-A0B3-AB4E62D882ED}.Release|Any CPU.ActiveCfg = Release|Any CPU
		{15094DED-556F-4D0D-A0B3-AB4E62D882ED}.Release|Any CPU.Build.0 = Release|Any CPU
		{344CADBC-9CF6-4BD7-9D19-8380FF590EE7}.Debug|Any CPU.ActiveCfg = Debug|Any CPU
		{344CADBC-9CF6-4BD7-9D19-8380FF590EE7}.Debug|Any CPU.Build.0 = Debug|Any CPU
		{344CADBC-9CF6-4BD7-9D19-8380FF590EE7}.Release|Any CPU.ActiveCfg = Release|Any CPU
		{344CADBC-9CF6-4BD7-9D19-8380FF590EE7}.Release|Any CPU.Build.0 = Release|Any CPU
	EndGlobalSection
	GlobalSection(SolutionProperties) = preSolution
		HideSolutionNode = FALSE
	EndGlobalSection
	GlobalSection(ExtensibilityGlobals) = postSolution
		SolutionGuid = {CFA529FC-3E95-453D-903C-E202417EC173}
	EndGlobalSection
EndGlobal
