
Microsoft Visual Studio Solution File, Format Version 12.00
# Visual Studio Version 16
VisualStudioVersion = 16.0.30621.155
MinimumVisualStudioVersion = 10.0.40219.1
Project("{FAE04EC0-301F-11D3-BF4B-00C04F79EFBC}") = "PITNeroLab", "PITNeroLab.csproj", "{E3835EB5-898C-433C-A0AC-AB976FBC008E}"
EndProject
Global
	GlobalSection(SolutionConfigurationPlatforms) = preSolution
		Debug|Any CPU = Debug|Any CPU
		Release|Any CPU = Release|Any CPU
	EndGlobalSection
	GlobalSection(ProjectConfigurationPlatforms) = postSolution
		{E3835EB5-898C-433C-A0AC-AB976FBC008E}.Debug|Any CPU.ActiveCfg = Debug|Any CPU
		{E3835EB5-898C-433C-A0AC-AB976FBC008E}.Debug|Any CPU.Build.0 = Debug|Any CPU
		{E3835EB5-898C-433C-A0AC-AB976FBC008E}.Release|Any CPU.ActiveCfg = Release|Any CPU
		{E3835EB5-898C-433C-A0AC-AB976FBC008E}.Release|Any CPU.Build.0 = Release|Any CPU
	EndGlobalSection
	GlobalSection(SolutionProperties) = preSolution
		HideSolutionNode = FALSE
	EndGlobalSection
	GlobalSection(ExtensibilityGlobals) = postSolution
		SolutionGuid = {8FEFEE47-CB3F-402E-85EA-F66E1FF30064}
	EndGlobalSection
EndGlobal
